
Microsoft Visual Studio Solution File, Format Version 11.00
# Visual Studio 2010
Project("{8BC9CEB8-8B4A-11D0-8D11-00A0C91BC942}") = "Squeezer (Mono)", "Squeezer (Mono).vcxproj", "{83166D86-5089-4BDB-9D27-5DA808EB9C76}"
EndProject
Project("{8BC9CEB8-8B4A-11D0-8D11-00A0C91BC942}") = "Squeezer (Stereo)", "Squeezer (Stereo).vcxproj", "{01776A53-3259-FB0E-A1BF-1249A9CCA194}"
EndProject
Project("{8BC9CEB8-8B4A-11D0-8D11-00A0C91BC942}") = "Squeezer VST (Mono)", "Squeezer VST (Mono).vcxproj", "{67BEF821-6D6A-E6CE-A43C-DC02231F104D}"
EndProject
Project("{8BC9CEB8-8B4A-11D0-8D11-00A0C91BC942}") = "Squeezer VST (Stereo)", "Squeezer VST (Stereo).vcxproj", "{6529AEF4-988F-2622-909B-E95EC20145DA}"
EndProject
Global
	GlobalSection(SolutionConfigurationPlatforms) = preSolution
		Debug|Win32 = Debug|Win32
		Debug|x64 = Debug|x64
		Release|Win32 = Release|Win32
		Release|x64 = Release|x64
	EndGlobalSection
	GlobalSection(ProjectConfigurationPlatforms) = postSolution
		{83166D86-5089-4BDB-9D27-5DA808EB9C76}.Debug|Win32.ActiveCfg = Debug|Win32
		{83166D86-5089-4BDB-9D27-5DA808EB9C76}.Debug|Win32.Build.0 = Debug|Win32
		{83166D86-5089-4BDB-9D27-5DA808EB9C76}.Debug|x64.ActiveCfg = Debug|x64
		{83166D86-5089-4BDB-9D27-5DA808EB9C76}.Debug|x64.Build.0 = Debug|x64
		{83166D86-5089-4BDB-9D27-5DA808EB9C76}.Release|Win32.ActiveCfg = Release|Win32
		{83166D86-5089-4BDB-9D27-5DA808EB9C76}.Release|Win32.Build.0 = Release|Win32
		{83166D86-5089-4BDB-9D27-5DA808EB9C76}.Release|x64.ActiveCfg = Release|x64
		{83166D86-5089-4BDB-9D27-5DA808EB9C76}.Release|x64.Build.0 = Release|x64
		{01776A53-3259-FB0E-A1BF-1249A9CCA194}.Debug|Win32.ActiveCfg = Debug|Win32
		{01776A53-3259-FB0E-A1BF-1249A9CCA194}.Debug|Win32.Build.0 = Debug|Win32
		{01776A53-3259-FB0E-A1BF-1249A9CCA194}.Debug|x64.ActiveCfg = Debug|x64
		{01776A53-3259-FB0E-A1BF-1249A9CCA194}.Debug|x64.Build.0 = Debug|x64
		{01776A53-3259-FB0E-A1BF-1249A9CCA194}.Release|Win32.ActiveCfg = Release|Win32
		{01776A53-3259-FB0E-A1BF-1249A9CCA194}.Release|Win32.Build.0 = Release|Win32
		{01776A53-3259-FB0E-A1BF-1249A9CCA194}.Release|x64.ActiveCfg = Release|x64
		{01776A53-3259-FB0E-A1BF-1249A9CCA194}.Release|x64.Build.0 = Release|x64
		{67BEF821-6D6A-E6CE-A43C-DC02231F104D}.Debug|Win32.ActiveCfg = Debug|Win32
		{67BEF821-6D6A-E6CE-A43C-DC02231F104D}.Debug|Win32.Build.0 = Debug|Win32
		{67BEF821-6D6A-E6CE-A43C-DC02231F104D}.Debug|x64.ActiveCfg = Debug|x64
		{67BEF821-6D6A-E6CE-A43C-DC02231F104D}.Debug|x64.Build.0 = Debug|x64
		{67BEF821-6D6A-E6CE-A43C-DC02231F104D}.Release|Win32.ActiveCfg = Release|Win32
		{67BEF821-6D6A-E6CE-A43C-DC02231F104D}.Release|Win32.Build.0 = Release|Win32
		{67BEF821-6D6A-E6CE-A43C-DC02231F104D}.Release|x64.ActiveCfg = Release|x64
		{67BEF821-6D6A-E6CE-A43C-DC02231F104D}.Release|x64.Build.0 = Release|x64
		{6529AEF4-988F-2622-909B-E95EC20145DA}.Debug|Win32.ActiveCfg = Debug|Win32
		{6529AEF4-988F-2622-909B-E95EC20145DA}.Debug|Win32.Build.0 = Debug|Win32
		{6529AEF4-988F-2622-909B-E95EC20145DA}.Debug|x64.ActiveCfg = Debug|x64
		{6529AEF4-988F-2622-909B-E95EC20145DA}.Debug|x64.Build.0 = Debug|x64
		{6529AEF4-988F-2622-909B-E95EC20145DA}.Release|Win32.ActiveCfg = Release|Win32
		{6529AEF4-988F-2622-909B-E95EC20145DA}.Release|Win32.Build.0 = Release|Win32
		{6529AEF4-988F-2622-909B-E95EC20145DA}.Release|x64.ActiveCfg = Release|x64
		{6529AEF4-988F-2622-909B-E95EC20145DA}.Release|x64.Build.0 = Release|x64
	EndGlobalSection
	GlobalSection(SolutionProperties) = preSolution
		HideSolutionNode = FALSE
	EndGlobalSection
EndGlobal
