
Microsoft Visual Studio Solution File, Format Version 11.00
# Visual Studio 2010
Project("{8BC9CEB8-8B4A-11D0-8D11-00A0C91BC942}") = "Squeezer (Mono)", "Squeezer (Mono).vcxproj", "{344065A2-8B24-4388-9BA2-C63CB4D928BA}"
EndProject
Project("{8BC9CEB8-8B4A-11D0-8D11-00A0C91BC942}") = "Squeezer (Stereo)", "Squeezer (Stereo).vcxproj", "{0772F31D-D4AA-2ECC-19BA-F7DC0263AE23}"
EndProject
Project("{8BC9CEB8-8B4A-11D0-8D11-00A0C91BC942}") = "Squeezer VST (Mono)", "Squeezer VST (Mono).vcxproj", "{A382491A-F60D-2BBE-E70E-379F9C710E94}"
EndProject
Project("{8BC9CEB8-8B4A-11D0-8D11-00A0C91BC942}") = "Squeezer VST (Stereo)", "Squeezer VST (Stereo).vcxproj", "{4405EAE6-3053-C22D-F41C-E24889569BDD}"
EndProject
Global
	GlobalSection(SolutionConfigurationPlatforms) = preSolution
		Debug|Win32 = Debug|Win32
		Debug|x64 = Debug|x64
		Release|Win32 = Release|Win32
		Release|x64 = Release|x64
	EndGlobalSection
	GlobalSection(ProjectConfigurationPlatforms) = postSolution
		{344065A2-8B24-4388-9BA2-C63CB4D928BA}.Debug|Win32.ActiveCfg = Debug|Win32
		{344065A2-8B24-4388-9BA2-C63CB4D928BA}.Debug|Win32.Build.0 = Debug|Win32
		{344065A2-8B24-4388-9BA2-C63CB4D928BA}.Debug|x64.ActiveCfg = Debug|x64
		{344065A2-8B24-4388-9BA2-C63CB4D928BA}.Debug|x64.Build.0 = Debug|x64
		{344065A2-8B24-4388-9BA2-C63CB4D928BA}.Release|Win32.ActiveCfg = Release|Win32
		{344065A2-8B24-4388-9BA2-C63CB4D928BA}.Release|Win32.Build.0 = Release|Win32
		{344065A2-8B24-4388-9BA2-C63CB4D928BA}.Release|x64.ActiveCfg = Release|x64
		{344065A2-8B24-4388-9BA2-C63CB4D928BA}.Release|x64.Build.0 = Release|x64
		{0772F31D-D4AA-2ECC-19BA-F7DC0263AE23}.Debug|Win32.ActiveCfg = Debug|Win32
		{0772F31D-D4AA-2ECC-19BA-F7DC0263AE23}.Debug|Win32.Build.0 = Debug|Win32
		{0772F31D-D4AA-2ECC-19BA-F7DC0263AE23}.Debug|x64.ActiveCfg = Debug|x64
		{0772F31D-D4AA-2ECC-19BA-F7DC0263AE23}.Debug|x64.Build.0 = Debug|x64
		{0772F31D-D4AA-2ECC-19BA-F7DC0263AE23}.Release|Win32.ActiveCfg = Release|Win32
		{0772F31D-D4AA-2ECC-19BA-F7DC0263AE23}.Release|Win32.Build.0 = Release|Win32
		{0772F31D-D4AA-2ECC-19BA-F7DC0263AE23}.Release|x64.ActiveCfg = Release|x64
		{0772F31D-D4AA-2ECC-19BA-F7DC0263AE23}.Release|x64.Build.0 = Release|x64
		{A382491A-F60D-2BBE-E70E-379F9C710E94}.Debug|Win32.ActiveCfg = Debug|Win32
		{A382491A-F60D-2BBE-E70E-379F9C710E94}.Debug|Win32.Build.0 = Debug|Win32
		{A382491A-F60D-2BBE-E70E-379F9C710E94}.Debug|x64.ActiveCfg = Debug|x64
		{A382491A-F60D-2BBE-E70E-379F9C710E94}.Debug|x64.Build.0 = Debug|x64
		{A382491A-F60D-2BBE-E70E-379F9C710E94}.Release|Win32.ActiveCfg = Release|Win32
		{A382491A-F60D-2BBE-E70E-379F9C710E94}.Release|Win32.Build.0 = Release|Win32
		{A382491A-F60D-2BBE-E70E-379F9C710E94}.Release|x64.ActiveCfg = Release|x64
		{A382491A-F60D-2BBE-E70E-379F9C710E94}.Release|x64.Build.0 = Release|x64
		{4405EAE6-3053-C22D-F41C-E24889569BDD}.Debug|Win32.ActiveCfg = Debug|Win32
		{4405EAE6-3053-C22D-F41C-E24889569BDD}.Debug|Win32.Build.0 = Debug|Win32
		{4405EAE6-3053-C22D-F41C-E24889569BDD}.Debug|x64.ActiveCfg = Debug|x64
		{4405EAE6-3053-C22D-F41C-E24889569BDD}.Debug|x64.Build.0 = Debug|x64
		{4405EAE6-3053-C22D-F41C-E24889569BDD}.Release|Win32.ActiveCfg = Release|Win32
		{4405EAE6-3053-C22D-F41C-E24889569BDD}.Release|Win32.Build.0 = Release|Win32
		{4405EAE6-3053-C22D-F41C-E24889569BDD}.Release|x64.ActiveCfg = Release|x64
		{4405EAE6-3053-C22D-F41C-E24889569BDD}.Release|x64.Build.0 = Release|x64
	EndGlobalSection
	GlobalSection(SolutionProperties) = preSolution
		HideSolutionNode = FALSE
	EndGlobalSection
EndGlobal
