
Microsoft Visual Studio Solution File, Format Version 11.00
# Visual Studio 2010
Project("{8BC9CEB8-8B4A-11D0-8D11-00A0C91BC942}") = "Squeezer (Mono)", "Squeezer (Mono).vcxproj", "{D904C3E7-3D34-7959-C4D9-9E06403CB631}"
EndProject
Project("{8BC9CEB8-8B4A-11D0-8D11-00A0C91BC942}") = "Squeezer (Stereo)", "Squeezer (Stereo).vcxproj", "{79B029A8-419C-2001-80F2-D8FE1516B325}"
EndProject
Project("{8BC9CEB8-8B4A-11D0-8D11-00A0C91BC942}") = "Squeezer VST (Mono)", "Squeezer VST (Mono).vcxproj", "{DB975268-101C-9559-21A4-17DDEBAC03FE}"
EndProject
Project("{8BC9CEB8-8B4A-11D0-8D11-00A0C91BC942}") = "Squeezer VST (Stereo)", "Squeezer VST (Stereo).vcxproj", "{3DFA0FAD-6AAF-1A48-076B-F8CD7FD140D9}"
EndProject
Global
	GlobalSection(SolutionConfigurationPlatforms) = preSolution
		Debug|Win32 = Debug|Win32
		Debug|x64 = Debug|x64
		Release|Win32 = Release|Win32
		Release|x64 = Release|x64
	EndGlobalSection
	GlobalSection(ProjectConfigurationPlatforms) = postSolution
		{D904C3E7-3D34-7959-C4D9-9E06403CB631}.Debug|Win32.ActiveCfg = Debug|Win32
		{D904C3E7-3D34-7959-C4D9-9E06403CB631}.Debug|Win32.Build.0 = Debug|Win32
		{D904C3E7-3D34-7959-C4D9-9E06403CB631}.Debug|x64.ActiveCfg = Debug|x64
		{D904C3E7-3D34-7959-C4D9-9E06403CB631}.Debug|x64.Build.0 = Debug|x64
		{D904C3E7-3D34-7959-C4D9-9E06403CB631}.Release|Win32.ActiveCfg = Release|Win32
		{D904C3E7-3D34-7959-C4D9-9E06403CB631}.Release|Win32.Build.0 = Release|Win32
		{D904C3E7-3D34-7959-C4D9-9E06403CB631}.Release|x64.ActiveCfg = Release|x64
		{D904C3E7-3D34-7959-C4D9-9E06403CB631}.Release|x64.Build.0 = Release|x64
		{79B029A8-419C-2001-80F2-D8FE1516B325}.Debug|Win32.ActiveCfg = Debug|Win32
		{79B029A8-419C-2001-80F2-D8FE1516B325}.Debug|Win32.Build.0 = Debug|Win32
		{79B029A8-419C-2001-80F2-D8FE1516B325}.Debug|x64.ActiveCfg = Debug|x64
		{79B029A8-419C-2001-80F2-D8FE1516B325}.Debug|x64.Build.0 = Debug|x64
		{79B029A8-419C-2001-80F2-D8FE1516B325}.Release|Win32.ActiveCfg = Release|Win32
		{79B029A8-419C-2001-80F2-D8FE1516B325}.Release|Win32.Build.0 = Release|Win32
		{79B029A8-419C-2001-80F2-D8FE1516B325}.Release|x64.ActiveCfg = Release|x64
		{79B029A8-419C-2001-80F2-D8FE1516B325}.Release|x64.Build.0 = Release|x64
		{DB975268-101C-9559-21A4-17DDEBAC03FE}.Debug|Win32.ActiveCfg = Debug|Win32
		{DB975268-101C-9559-21A4-17DDEBAC03FE}.Debug|Win32.Build.0 = Debug|Win32
		{DB975268-101C-9559-21A4-17DDEBAC03FE}.Debug|x64.ActiveCfg = Debug|x64
		{DB975268-101C-9559-21A4-17DDEBAC03FE}.Debug|x64.Build.0 = Debug|x64
		{DB975268-101C-9559-21A4-17DDEBAC03FE}.Release|Win32.ActiveCfg = Release|Win32
		{DB975268-101C-9559-21A4-17DDEBAC03FE}.Release|Win32.Build.0 = Release|Win32
		{DB975268-101C-9559-21A4-17DDEBAC03FE}.Release|x64.ActiveCfg = Release|x64
		{DB975268-101C-9559-21A4-17DDEBAC03FE}.Release|x64.Build.0 = Release|x64
		{3DFA0FAD-6AAF-1A48-076B-F8CD7FD140D9}.Debug|Win32.ActiveCfg = Debug|Win32
		{3DFA0FAD-6AAF-1A48-076B-F8CD7FD140D9}.Debug|Win32.Build.0 = Debug|Win32
		{3DFA0FAD-6AAF-1A48-076B-F8CD7FD140D9}.Debug|x64.ActiveCfg = Debug|x64
		{3DFA0FAD-6AAF-1A48-076B-F8CD7FD140D9}.Debug|x64.Build.0 = Debug|x64
		{3DFA0FAD-6AAF-1A48-076B-F8CD7FD140D9}.Release|Win32.ActiveCfg = Release|Win32
		{3DFA0FAD-6AAF-1A48-076B-F8CD7FD140D9}.Release|Win32.Build.0 = Release|Win32
		{3DFA0FAD-6AAF-1A48-076B-F8CD7FD140D9}.Release|x64.ActiveCfg = Release|x64
		{3DFA0FAD-6AAF-1A48-076B-F8CD7FD140D9}.Release|x64.Build.0 = Release|x64
	EndGlobalSection
	GlobalSection(SolutionProperties) = preSolution
		HideSolutionNode = FALSE
	EndGlobalSection
EndGlobal
