<?xml version="1.0" encoding="utf-8"?>
<Project ToolsVersion="4.0" xmlns="http://schemas.microsoft.com/developer/msbuild/2003">
	<ItemGroup>
		<Filter Include="Source">
			<UniqueIdentifier>{5B8A8790-9FC6-78C5-FD3D-DC03D1972CB5}</UniqueIdentifier>
		</Filter>
		<Filter Include="Source\common">
			<UniqueIdentifier>{9DC41FE5-420A-3255-5DC3-AEDED4FF2CC2}</UniqueIdentifier>
		</Filter>
		<Filter Include="Source\common\math">
			<UniqueIdentifier>{45F8A410-ED7E-D102-9422-4C7E105A0E2C}</UniqueIdentifier>
		</Filter>
		<Filter Include="Source\common\widgets">
			<UniqueIdentifier>{50735A46-BEBB-185D-DF1E-7A6485D05333}</UniqueIdentifier>
		</Filter>
		<Filter Include="Source\common\widgets\resources">
			<UniqueIdentifier>{943E7E77-5D71-6CEE-70ED-26D77126D71E}</UniqueIdentifier>
		</Filter>
		<Filter Include="Source\common\audio">
			<UniqueIdentifier>{37978CBF-8679-29AE-06DA-BEBD6BD04379}</UniqueIdentifier>
		</Filter>
		<Filter Include="Source\common\skin">
			<UniqueIdentifier>{0FC0D0EF-A94E-7AF7-9B14-3B3C86FBDDF4}</UniqueIdentifier>
		</Filter>
		<Filter Include="Source\common\parameter_juggler">
			<UniqueIdentifier>{ACF407ED-6849-F527-6D14-6C2F5C39039B}</UniqueIdentifier>
		</Filter>
		<Filter Include="libraries">
			<UniqueIdentifier>{15542AE0-FB37-9903-5A44-D0265AB77868}</UniqueIdentifier>
		</Filter>
		<Filter Include="libraries\juce">
			<UniqueIdentifier>{A113E796-DE28-0D52-05EC-5FF693214FAB}</UniqueIdentifier>
		</Filter>
		<Filter Include="libraries\juce\modules">
			<UniqueIdentifier>{0D22D4F5-045A-FCD6-AA7E-AC478CA250C8}</UniqueIdentifier>
		</Filter>
		<Filter Include="libraries\juce\modules\juce_audio_basics">
			<UniqueIdentifier>{6EC5FC20-4D22-BA07-407C-D2AFEB635056}</UniqueIdentifier>
		</Filter>
		<Filter Include="libraries\juce\modules\juce_audio_devices">
			<UniqueIdentifier>{BE90F9A7-6CB5-BD17-9CBF-10CC8423E79C}</UniqueIdentifier>
		</Filter>
		<Filter Include="libraries\juce\modules\juce_audio_formats">
			<UniqueIdentifier>{03CF669F-E264-6540-4987-39D3B806A9BD}</UniqueIdentifier>
		</Filter>
		<Filter Include="libraries\juce\modules\juce_audio_processors">
			<UniqueIdentifier>{66A11A20-0C40-594D-1DB6-401FB2579271}</UniqueIdentifier>
		</Filter>
		<Filter Include="libraries\juce\modules\juce_audio_utils">
			<UniqueIdentifier>{F488EC3E-6C4A-81EF-7098-CA11C1CA27D7}</UniqueIdentifier>
		</Filter>
		<Filter Include="libraries\juce\modules\juce_core">
			<UniqueIdentifier>{07D3E302-C080-B81A-1753-337681A0F6BB}</UniqueIdentifier>
		</Filter>
		<Filter Include="libraries\juce\modules\juce_cryptography">
			<UniqueIdentifier>{7E8C48B4-694C-F4F3-67B1-C596308D541D}</UniqueIdentifier>
		</Filter>
		<Filter Include="libraries\juce\modules\juce_data_structures">
			<UniqueIdentifier>{E29C4DCE-B047-D680-0247-89A5BFB077E2}</UniqueIdentifier>
		</Filter>
		<Filter Include="libraries\juce\modules\juce_events">
			<UniqueIdentifier>{6C29DC0E-C60A-DEE5-3A24-15AC864CC873}</UniqueIdentifier>
		</Filter>
		<Filter Include="libraries\juce\modules\juce_graphics">
			<UniqueIdentifier>{C577BAFD-8DE5-E71D-C9B8-B2D32D5F746F}</UniqueIdentifier>
		</Filter>
		<Filter Include="libraries\juce\modules\juce_gui_basics">
			<UniqueIdentifier>{5798B5CF-8973-E4A0-9D5D-B69C3E62AC5C}</UniqueIdentifier>
		</Filter>
		<Filter Include="libraries\juce\modules\juce_gui_extra">
			<UniqueIdentifier>{F0CB2005-6721-12F6-9DF3-917F9369DF9E}</UniqueIdentifier>
		</Filter>
		<Filter Include="libraries\juce\modules\juce_video">
			<UniqueIdentifier>{0A42170C-FDA4-BADB-A73D-D623F017AEAD}</UniqueIdentifier>
		</Filter>
	</ItemGroup>
	<ItemGroup>
		<ClInclude Include="..\..\..\Source\gain_stage_fet.h">
			<Filter>Source</Filter>
		</ClInclude>
		<ClInclude Include="..\..\..\Source\meter_bar_gain_reduction.h">
			<Filter>Source</Filter>
		</ClInclude>
		<ClInclude Include="..\..\..\Source\filter_chebyshev_stage.h">
			<Filter>Source</Filter>
		</ClInclude>
		<ClInclude Include="..\..\..\Source\meter_bar_level.h">
			<Filter>Source</Filter>
		</ClInclude>
		<ClInclude Include="..\..\..\Source\gain_stage_optical.h">
			<Filter>Source</Filter>
		</ClInclude>
		<ClInclude Include="..\..\..\Source\filter_chebyshev.h">
			<Filter>Source</Filter>
		</ClInclude>
		<ClInclude Include="..\..\..\Source\plugin_parameters.h">
			<Filter>Source</Filter>
		</ClInclude>
		<ClInclude Include="..\..\..\Source\compressor.h">
			<Filter>Source</Filter>
		</ClInclude>
		<ClInclude Include="..\..\..\Source\window_settings.h">
			<Filter>Source</Filter>
		</ClInclude>
		<ClInclude Include="..\..\..\Source\side_chain.h">
			<Filter>Source</Filter>
		</ClInclude>
		<ClInclude Include="..\..\..\Source\plugin_processor.h">
			<Filter>Source</Filter>
		</ClInclude>
		<ClInclude Include="..\..\..\Source\plugin_editor.h">
			<Filter>Source</Filter>
		</ClInclude>
		<ClInclude Include="..\..\..\Source\standalone_application.h">
			<Filter>Source</Filter>
		</ClInclude>
		<ClInclude Include="..\..\..\Source\gain_stage.h">
			<Filter>Source</Filter>
		</ClInclude>
		<ClInclude Include="..\..\..\Source\common\tools.h">
			<Filter>Source\common</Filter>
		</ClInclude>
		<ClInclude Include="..\..\..\Source\common\mz_juce_common.h">
			<Filter>Source\common</Filter>
		</ClInclude>
		<ClInclude Include="..\..\..\Source\common\math\averager.h">
			<Filter>Source\common\math</Filter>
		</ClInclude>
		<ClInclude Include="..\..\..\Source\common\widgets\generic_plugin_standalone.h">
			<Filter>Source\common\widgets</Filter>
		</ClInclude>
		<ClInclude Include="..\..\..\Source\common\widgets\slider_continuous.h">
			<Filter>Source\common\widgets</Filter>
		</ClInclude>
		<ClInclude Include="..\..\..\Source\common\widgets\generic_window_about.h">
			<Filter>Source\common\widgets</Filter>
		</ClInclude>
		<ClInclude Include="..\..\..\Source\common\widgets\generic_channel_slider.h">
			<Filter>Source\common\widgets</Filter>
		</ClInclude>
		<ClInclude Include="..\..\..\Source\common\widgets\slider_combined.h">
			<Filter>Source\common\widgets</Filter>
		</ClInclude>
		<ClInclude Include="..\..\..\Source\common\widgets\generic_meter_bar.h">
			<Filter>Source\common\widgets</Filter>
		</ClInclude>
		<ClInclude Include="..\..\..\Source\common\widgets\generic_window_skin.h">
			<Filter>Source\common\widgets</Filter>
		</ClInclude>
		<ClInclude Include="..\..\..\Source\common\widgets\slider_switch_linear_bar.h">
			<Filter>Source\common\widgets</Filter>
		</ClInclude>
		<ClInclude Include="..\..\..\Source\common\widgets\slider_switch.h">
			<Filter>Source\common\widgets</Filter>
		</ClInclude>
		<ClInclude Include="..\..\..\Source\common\widgets\generic_horizontal_meter.h">
			<Filter>Source\common\widgets</Filter>
		</ClInclude>
		<ClInclude Include="..\..\..\Source\common\widgets\generic_state_label.h">
			<Filter>Source\common\widgets</Filter>
		</ClInclude>
		<ClInclude Include="..\..\..\Source\common\widgets\generic_meter_segment.h">
			<Filter>Source\common\widgets</Filter>
		</ClInclude>
		<ClInclude Include="..\..\..\Source\common\widgets\resources\resources.h">
			<Filter>Source\common\widgets\resources</Filter>
		</ClInclude>
		<ClInclude Include="..\..\..\Source\common\audio\audio_ring_buffer.h">
			<Filter>Source\common\audio</Filter>
		</ClInclude>
		<ClInclude Include="..\..\..\Source\common\audio\dither.h">
			<Filter>Source\common\audio</Filter>
		</ClInclude>
		<ClInclude Include="..\..\..\Source\common\skin\generic_skin.h">
			<Filter>Source\common\skin</Filter>
		</ClInclude>
		<ClInclude Include="..\..\..\Source\common\parameter_juggler\plugin_parameter_toggle_switch.h">
			<Filter>Source\common\parameter_juggler</Filter>
		</ClInclude>
		<ClInclude Include="..\..\..\Source\common\parameter_juggler\plugin_parameter.h">
			<Filter>Source\common\parameter_juggler</Filter>
		</ClInclude>
		<ClInclude Include="..\..\..\Source\common\parameter_juggler\plugin_parameter_switch.h">
			<Filter>Source\common\parameter_juggler</Filter>
		</ClInclude>
		<ClInclude Include="..\..\..\Source\common\parameter_juggler\plugin_parameter_combined.h">
			<Filter>Source\common\parameter_juggler</Filter>
		</ClInclude>
		<ClInclude Include="..\..\..\Source\common\parameter_juggler\parameter_juggler.h">
			<Filter>Source\common\parameter_juggler</Filter>
		</ClInclude>
		<ClInclude Include="..\..\..\Source\common\parameter_juggler\plugin_parameter_continuous.h">
			<Filter>Source\common\parameter_juggler</Filter>
		</ClInclude>
		<ClInclude Include="..\..\..\Source\common\parameter_juggler\plugin_parameter_string.h">
			<Filter>Source\common\parameter_juggler</Filter>
		</ClInclude>
	</ItemGroup>
	<ItemGroup>
		<ClCompile Include="..\..\..\Source\plugin_processor.cpp">
			<Filter>Source</Filter>
		</ClCompile>
		<ClCompile Include="..\..\..\Source\gain_stage_optical.cpp">
			<Filter>Source</Filter>
		</ClCompile>
		<ClCompile Include="..\..\..\Source\plugin_parameters.cpp">
			<Filter>Source</Filter>
		</ClCompile>
		<ClCompile Include="..\..\..\Source\meter_bar_gain_reduction.cpp">
			<Filter>Source</Filter>
		</ClCompile>
		<ClCompile Include="..\..\..\Source\filter_chebyshev_stage.cpp">
			<Filter>Source</Filter>
		</ClCompile>
		<ClCompile Include="..\..\..\Source\main.cpp">
			<Filter>Source</Filter>
		</ClCompile>
		<ClCompile Include="..\..\..\Source\meter_bar_level.cpp">
			<Filter>Source</Filter>
		</ClCompile>
		<ClCompile Include="..\..\..\Source\side_chain.cpp">
			<Filter>Source</Filter>
		</ClCompile>
		<ClCompile Include="..\..\..\Source\window_settings.cpp">
			<Filter>Source</Filter>
		</ClCompile>
		<ClCompile Include="..\..\..\Source\standalone_application.cpp">
			<Filter>Source</Filter>
		</ClCompile>
		<ClCompile Include="..\..\..\Source\filter_chebyshev.cpp">
			<Filter>Source</Filter>
		</ClCompile>
		<ClCompile Include="..\..\..\Source\compressor.cpp">
			<Filter>Source</Filter>
		</ClCompile>
		<ClCompile Include="..\..\..\Source\plugin_editor.cpp">
			<Filter>Source</Filter>
		</ClCompile>
		<ClCompile Include="..\..\..\Source\gain_stage_fet.cpp">
			<Filter>Source</Filter>
		</ClCompile>
		<ClCompile Include="..\..\..\Source\common\math\averager.cpp">
			<Filter>Source\common\math</Filter>
		</ClCompile>
		<ClCompile Include="..\..\..\Source\common\widgets\generic_horizontal_meter.cpp">
			<Filter>Source\common\widgets</Filter>
		</ClCompile>
		<ClCompile Include="..\..\..\Source\common\widgets\slider_combined.cpp">
			<Filter>Source\common\widgets</Filter>
		</ClCompile>
		<ClCompile Include="..\..\..\Source\common\widgets\slider_switch.cpp">
			<Filter>Source\common\widgets</Filter>
		</ClCompile>
		<ClCompile Include="..\..\..\Source\common\widgets\generic_meter_segment.cpp">
			<Filter>Source\common\widgets</Filter>
		</ClCompile>
		<ClCompile Include="..\..\..\Source\common\widgets\generic_window_skin.cpp">
			<Filter>Source\common\widgets</Filter>
		</ClCompile>
		<ClCompile Include="..\..\..\Source\common\widgets\generic_window_about.cpp">
			<Filter>Source\common\widgets</Filter>
		</ClCompile>
		<ClCompile Include="..\..\..\Source\common\widgets\slider_continuous.cpp">
			<Filter>Source\common\widgets</Filter>
		</ClCompile>
		<ClCompile Include="..\..\..\Source\common\widgets\slider_switch_linear_bar.cpp">
			<Filter>Source\common\widgets</Filter>
		</ClCompile>
		<ClCompile Include="..\..\..\Source\common\widgets\generic_channel_slider.cpp">
			<Filter>Source\common\widgets</Filter>
		</ClCompile>
		<ClCompile Include="..\..\..\Source\common\widgets\generic_plugin_standalone.cpp">
			<Filter>Source\common\widgets</Filter>
		</ClCompile>
		<ClCompile Include="..\..\..\Source\common\widgets\generic_state_label.cpp">
			<Filter>Source\common\widgets</Filter>
		</ClCompile>
		<ClCompile Include="..\..\..\Source\common\widgets\generic_meter_bar.cpp">
			<Filter>Source\common\widgets</Filter>
		</ClCompile>
		<ClCompile Include="..\..\..\Source\common\widgets\resources\resources.cpp">
			<Filter>Source\common\widgets\resources</Filter>
		</ClCompile>
		<ClCompile Include="..\..\..\Source\common\audio\audio_ring_buffer.cpp">
			<Filter>Source\common\audio</Filter>
		</ClCompile>
		<ClCompile Include="..\..\..\Source\common\audio\dither.cpp">
			<Filter>Source\common\audio</Filter>
		</ClCompile>
		<ClCompile Include="..\..\..\Source\common\skin\generic_skin.cpp">
			<Filter>Source\common\skin</Filter>
		</ClCompile>
		<ClCompile Include="..\..\..\Source\common\parameter_juggler\plugin_parameter_switch.cpp">
			<Filter>Source\common\parameter_juggler</Filter>
		</ClCompile>
		<ClCompile Include="..\..\..\Source\common\parameter_juggler\parameter_juggler.cpp">
			<Filter>Source\common\parameter_juggler</Filter>
		</ClCompile>
		<ClCompile Include="..\..\..\Source\common\parameter_juggler\plugin_parameter_toggle_switch.cpp">
			<Filter>Source\common\parameter_juggler</Filter>
		</ClCompile>
		<ClCompile Include="..\..\..\Source\common\parameter_juggler\plugin_parameter_string.cpp">
			<Filter>Source\common\parameter_juggler</Filter>
		</ClCompile>
		<ClCompile Include="..\..\..\Source\common\parameter_juggler\plugin_parameter_combined.cpp">
			<Filter>Source\common\parameter_juggler</Filter>
		</ClCompile>
		<ClCompile Include="..\..\..\Source\common\parameter_juggler\plugin_parameter_continuous.cpp">
			<Filter>Source\common\parameter_juggler</Filter>
		</ClCompile>
		<ClCompile Include="..\..\..\libraries\juce\modules\juce_audio_basics\juce_audio_basics.cpp">
			<Filter>libraries\juce\modules\juce_audio_basics</Filter>
		</ClCompile>
		<ClCompile Include="..\..\..\libraries\juce\modules\juce_audio_devices\juce_audio_devices.cpp">
			<Filter>libraries\juce\modules\juce_audio_devices</Filter>
		</ClCompile>
		<ClCompile Include="..\..\..\libraries\juce\modules\juce_audio_formats\juce_audio_formats.cpp">
			<Filter>libraries\juce\modules\juce_audio_formats</Filter>
		</ClCompile>
		<ClCompile Include="..\..\..\libraries\juce\modules\juce_audio_processors\juce_audio_processors.cpp">
			<Filter>libraries\juce\modules\juce_audio_processors</Filter>
		</ClCompile>
		<ClCompile Include="..\..\..\libraries\juce\modules\juce_audio_utils\juce_audio_utils.cpp">
			<Filter>libraries\juce\modules\juce_audio_utils</Filter>
		</ClCompile>
		<ClCompile Include="..\..\..\libraries\juce\modules\juce_core\juce_core.cpp">
			<Filter>libraries\juce\modules\juce_core</Filter>
		</ClCompile>
		<ClCompile Include="..\..\..\libraries\juce\modules\juce_cryptography\juce_cryptography.cpp">
			<Filter>libraries\juce\modules\juce_cryptography</Filter>
		</ClCompile>
		<ClCompile Include="..\..\..\libraries\juce\modules\juce_data_structures\juce_data_structures.cpp">
			<Filter>libraries\juce\modules\juce_data_structures</Filter>
		</ClCompile>
		<ClCompile Include="..\..\..\libraries\juce\modules\juce_events\juce_events.cpp">
			<Filter>libraries\juce\modules\juce_events</Filter>
		</ClCompile>
		<ClCompile Include="..\..\..\libraries\juce\modules\juce_graphics\juce_graphics.cpp">
			<Filter>libraries\juce\modules\juce_graphics</Filter>
		</ClCompile>
		<ClCompile Include="..\..\..\libraries\juce\modules\juce_gui_basics\juce_gui_basics.cpp">
			<Filter>libraries\juce\modules\juce_gui_basics</Filter>
		</ClCompile>
		<ClCompile Include="..\..\..\libraries\juce\modules\juce_gui_extra\juce_gui_extra.cpp">
			<Filter>libraries\juce\modules\juce_gui_extra</Filter>
		</ClCompile>
		<ClCompile Include="..\..\..\libraries\juce\modules\juce_video\juce_video.cpp">
			<Filter>libraries\juce\modules\juce_video</Filter>
		</ClCompile>
	</ItemGroup>
</Project>
