<?xml version="1.0" encoding="utf-8"?>
<Project ToolsVersion="4.0" xmlns="http://schemas.microsoft.com/developer/msbuild/2003">
	<ItemGroup>
		<Filter Include="Source">
			<UniqueIdentifier>{0B888DB2-7FA7-7FD3-7306-5EF9358EA69B}</UniqueIdentifier>
		</Filter>
		<Filter Include="Source\common">
			<UniqueIdentifier>{82E1BB4D-ABB4-8172-602B-3699176F6C78}</UniqueIdentifier>
		</Filter>
		<Filter Include="Source\common\amalgamated">
			<UniqueIdentifier>{C7F2D356-582B-9154-1CD2-6CF8F8050849}</UniqueIdentifier>
		</Filter>
		<Filter Include="JuceLibraryCode">
			<UniqueIdentifier>{56DA5AFA-10D7-0AE5-56B3-844B380B0D29}</UniqueIdentifier>
		</Filter>
	</ItemGroup>
	<ItemGroup>
		<ClInclude Include="..\..\..\Source\common\FrutHeader.h">
			<Filter>Source\common</Filter>
		</ClInclude>
		<ClInclude Include="..\..\..\Source\common\amalgamated\frut_skin.h">
			<Filter>Source\common\amalgamated</Filter>
		</ClInclude>
		<ClInclude Include="..\..\..\Source\common\amalgamated\frut_math.h">
			<Filter>Source\common\amalgamated</Filter>
		</ClInclude>
		<ClInclude Include="..\..\..\Source\common\amalgamated\frut_widget.h">
			<Filter>Source\common\amalgamated</Filter>
		</ClInclude>
		<ClInclude Include="..\..\..\Source\common\amalgamated\frut_audio.h">
			<Filter>Source\common\amalgamated</Filter>
		</ClInclude>
		<ClInclude Include="..\..\..\Source\common\amalgamated\frut_parameter.h">
			<Filter>Source\common\amalgamated</Filter>
		</ClInclude>
		<ClInclude Include="..\..\..\Source\meter_bar_gain_reduction.h">
			<Filter>Source</Filter>
		</ClInclude>
		<ClInclude Include="..\..\..\Source\plugin_parameters.h">
			<Filter>Source</Filter>
		</ClInclude>
		<ClInclude Include="..\..\..\Source\filter_chebyshev_stage.h">
			<Filter>Source</Filter>
		</ClInclude>
		<ClInclude Include="..\..\..\Source\gain_stage_fet.h">
			<Filter>Source</Filter>
		</ClInclude>
		<ClInclude Include="..\..\..\Source\plugin_editor.h">
			<Filter>Source</Filter>
		</ClInclude>
		<ClInclude Include="..\..\..\Source\side_chain.h">
			<Filter>Source</Filter>
		</ClInclude>
		<ClInclude Include="..\..\..\Source\gain_stage.h">
			<Filter>Source</Filter>
		</ClInclude>
		<ClInclude Include="..\..\..\Source\meter_bar_level.h">
			<Filter>Source</Filter>
		</ClInclude>
		<ClInclude Include="..\..\..\Source\plugin_processor.h">
			<Filter>Source</Filter>
		</ClInclude>
		<ClInclude Include="..\..\..\Source\compressor.h">
			<Filter>Source</Filter>
		</ClInclude>
		<ClInclude Include="..\..\..\Source\gain_stage_optical.h">
			<Filter>Source</Filter>
		</ClInclude>
		<ClInclude Include="..\..\..\Source\filter_chebyshev.h">
			<Filter>Source</Filter>
		</ClInclude>
		<ClInclude Include="..\..\..\Source\standalone_application.h">
			<Filter>Source</Filter>
		</ClInclude>
	</ItemGroup>
	<ItemGroup>
		<ClCompile Include="..\..\..\Source\common\amalgamated\frut_widget.cpp">
			<Filter>Source\common\amalgamated</Filter>
		</ClCompile>
		<ClCompile Include="..\..\..\Source\common\amalgamated\frut_math.cpp">
			<Filter>Source\common\amalgamated</Filter>
		</ClCompile>
		<ClCompile Include="..\..\..\Source\common\amalgamated\frut_skin.cpp">
			<Filter>Source\common\amalgamated</Filter>
		</ClCompile>
		<ClCompile Include="..\..\..\Source\common\amalgamated\frut_parameter.cpp">
			<Filter>Source\common\amalgamated</Filter>
		</ClCompile>
		<ClCompile Include="..\..\..\Source\common\amalgamated\frut_audio.cpp">
			<Filter>Source\common\amalgamated</Filter>
		</ClCompile>
		<ClCompile Include="..\..\..\Source\compressor.cpp">
			<Filter>Source</Filter>
		</ClCompile>
		<ClCompile Include="..\..\..\Source\meter_bar_gain_reduction.cpp">
			<Filter>Source</Filter>
		</ClCompile>
		<ClCompile Include="..\..\..\Source\plugin_editor.cpp">
			<Filter>Source</Filter>
		</ClCompile>
		<ClCompile Include="..\..\..\Source\filter_chebyshev.cpp">
			<Filter>Source</Filter>
		</ClCompile>
		<ClCompile Include="..\..\..\Source\side_chain.cpp">
			<Filter>Source</Filter>
		</ClCompile>
		<ClCompile Include="..\..\..\Source\standalone_application.cpp">
			<Filter>Source</Filter>
		</ClCompile>
		<ClCompile Include="..\..\..\Source\plugin_processor.cpp">
			<Filter>Source</Filter>
		</ClCompile>
		<ClCompile Include="..\..\..\Source\gain_stage_optical.cpp">
			<Filter>Source</Filter>
		</ClCompile>
		<ClCompile Include="..\..\..\Source\filter_chebyshev_stage.cpp">
			<Filter>Source</Filter>
		</ClCompile>
		<ClCompile Include="..\..\..\Source\meter_bar_level.cpp">
			<Filter>Source</Filter>
		</ClCompile>
		<ClCompile Include="..\..\..\Source\plugin_parameters.cpp">
			<Filter>Source</Filter>
		</ClCompile>
		<ClCompile Include="..\..\..\Source\gain_stage_fet.cpp">
			<Filter>Source</Filter>
		</ClCompile>
		<ClCompile Include="..\..\..\JuceLibraryCode\juce_audio_basics.cpp">
			<Filter>JuceLibraryCode</Filter>
		</ClCompile>
		<ClCompile Include="..\..\..\JuceLibraryCode\juce_audio_devices.cpp">
			<Filter>JuceLibraryCode</Filter>
		</ClCompile>
		<ClCompile Include="..\..\..\JuceLibraryCode\juce_audio_formats.cpp">
			<Filter>JuceLibraryCode</Filter>
		</ClCompile>
		<ClCompile Include="..\..\..\JuceLibraryCode\juce_audio_plugin_client_utils.cpp">
			<Filter>JuceLibraryCode</Filter>
		</ClCompile>
		<ClCompile Include="..\..\..\JuceLibraryCode\juce_audio_processors.cpp">
			<Filter>JuceLibraryCode</Filter>
		</ClCompile>
		<ClCompile Include="..\..\..\JuceLibraryCode\juce_audio_utils.cpp">
			<Filter>JuceLibraryCode</Filter>
		</ClCompile>
		<ClCompile Include="..\..\..\JuceLibraryCode\juce_core.cpp">
			<Filter>JuceLibraryCode</Filter>
		</ClCompile>
		<ClCompile Include="..\..\..\JuceLibraryCode\juce_cryptography.cpp">
			<Filter>JuceLibraryCode</Filter>
		</ClCompile>
		<ClCompile Include="..\..\..\JuceLibraryCode\juce_data_structures.cpp">
			<Filter>JuceLibraryCode</Filter>
		</ClCompile>
		<ClCompile Include="..\..\..\JuceLibraryCode\juce_events.cpp">
			<Filter>JuceLibraryCode</Filter>
		</ClCompile>
		<ClCompile Include="..\..\..\JuceLibraryCode\juce_graphics.cpp">
			<Filter>JuceLibraryCode</Filter>
		</ClCompile>
		<ClCompile Include="..\..\..\JuceLibraryCode\juce_gui_basics.cpp">
			<Filter>JuceLibraryCode</Filter>
		</ClCompile>
		<ClCompile Include="..\..\..\JuceLibraryCode\juce_gui_extra.cpp">
			<Filter>JuceLibraryCode</Filter>
		</ClCompile>
		<ClCompile Include="..\..\..\JuceLibraryCode\juce_video.cpp">
			<Filter>JuceLibraryCode</Filter>
		</ClCompile>
	</ItemGroup>
</Project>
