
Microsoft Visual Studio Solution File, Format Version 11.00
# Visual Studio 2010
Project("{8BC9CEB8-8B4A-11D0-8D11-00A0C91BC942}") = "squeezer_standalone_mono", "squeezer_standalone_mono.vcxproj", "{501F837A-F679-88D5-F8EC-1439E1F9642E}"
EndProject
Project("{8BC9CEB8-8B4A-11D0-8D11-00A0C91BC942}") = "squeezer_standalone_stereo", "squeezer_standalone_stereo.vcxproj", "{70CEA2F9-A411-46C1-B5E9-7D4717002553}"
EndProject
Project("{8BC9CEB8-8B4A-11D0-8D11-00A0C91BC942}") = "squeezer_vst_mono", "squeezer_vst_mono.vcxproj", "{AF5CE290-12FC-D7DD-6A14-B7CC1572CD08}"
EndProject
Project("{8BC9CEB8-8B4A-11D0-8D11-00A0C91BC942}") = "squeezer_vst_stereo", "squeezer_vst_stereo.vcxproj", "{5C2D6BE7-80C2-357D-E426-11A90B03B93E}"
EndProject
Global
	GlobalSection(SolutionConfigurationPlatforms) = preSolution
		Debug|Win32 = Debug|Win32
		Debug|x64 = Debug|x64
		Release|Win32 = Release|Win32
		Release|x64 = Release|x64
	EndGlobalSection
	GlobalSection(ProjectConfigurationPlatforms) = postSolution
		{501F837A-F679-88D5-F8EC-1439E1F9642E}.Debug|Win32.ActiveCfg = Debug|Win32
		{501F837A-F679-88D5-F8EC-1439E1F9642E}.Debug|Win32.Build.0 = Debug|Win32
		{501F837A-F679-88D5-F8EC-1439E1F9642E}.Debug|x64.ActiveCfg = Debug|x64
		{501F837A-F679-88D5-F8EC-1439E1F9642E}.Debug|x64.Build.0 = Debug|x64
		{501F837A-F679-88D5-F8EC-1439E1F9642E}.Release|Win32.ActiveCfg = Release|Win32
		{501F837A-F679-88D5-F8EC-1439E1F9642E}.Release|Win32.Build.0 = Release|Win32
		{501F837A-F679-88D5-F8EC-1439E1F9642E}.Release|x64.ActiveCfg = Release|x64
		{501F837A-F679-88D5-F8EC-1439E1F9642E}.Release|x64.Build.0 = Release|x64
		{70CEA2F9-A411-46C1-B5E9-7D4717002553}.Debug|Win32.ActiveCfg = Debug|Win32
		{70CEA2F9-A411-46C1-B5E9-7D4717002553}.Debug|Win32.Build.0 = Debug|Win32
		{70CEA2F9-A411-46C1-B5E9-7D4717002553}.Debug|x64.ActiveCfg = Debug|x64
		{70CEA2F9-A411-46C1-B5E9-7D4717002553}.Debug|x64.Build.0 = Debug|x64
		{70CEA2F9-A411-46C1-B5E9-7D4717002553}.Release|Win32.ActiveCfg = Release|Win32
		{70CEA2F9-A411-46C1-B5E9-7D4717002553}.Release|Win32.Build.0 = Release|Win32
		{70CEA2F9-A411-46C1-B5E9-7D4717002553}.Release|x64.ActiveCfg = Release|x64
		{70CEA2F9-A411-46C1-B5E9-7D4717002553}.Release|x64.Build.0 = Release|x64
		{AF5CE290-12FC-D7DD-6A14-B7CC1572CD08}.Debug|Win32.ActiveCfg = Debug|Win32
		{AF5CE290-12FC-D7DD-6A14-B7CC1572CD08}.Debug|Win32.Build.0 = Debug|Win32
		{AF5CE290-12FC-D7DD-6A14-B7CC1572CD08}.Debug|x64.ActiveCfg = Debug|x64
		{AF5CE290-12FC-D7DD-6A14-B7CC1572CD08}.Debug|x64.Build.0 = Debug|x64
		{AF5CE290-12FC-D7DD-6A14-B7CC1572CD08}.Release|Win32.ActiveCfg = Release|Win32
		{AF5CE290-12FC-D7DD-6A14-B7CC1572CD08}.Release|Win32.Build.0 = Release|Win32
		{AF5CE290-12FC-D7DD-6A14-B7CC1572CD08}.Release|x64.ActiveCfg = Release|x64
		{AF5CE290-12FC-D7DD-6A14-B7CC1572CD08}.Release|x64.Build.0 = Release|x64
		{5C2D6BE7-80C2-357D-E426-11A90B03B93E}.Debug|Win32.ActiveCfg = Debug|Win32
		{5C2D6BE7-80C2-357D-E426-11A90B03B93E}.Debug|Win32.Build.0 = Debug|Win32
		{5C2D6BE7-80C2-357D-E426-11A90B03B93E}.Debug|x64.ActiveCfg = Debug|x64
		{5C2D6BE7-80C2-357D-E426-11A90B03B93E}.Debug|x64.Build.0 = Debug|x64
		{5C2D6BE7-80C2-357D-E426-11A90B03B93E}.Release|Win32.ActiveCfg = Release|Win32
		{5C2D6BE7-80C2-357D-E426-11A90B03B93E}.Release|Win32.Build.0 = Release|Win32
		{5C2D6BE7-80C2-357D-E426-11A90B03B93E}.Release|x64.ActiveCfg = Release|x64
		{5C2D6BE7-80C2-357D-E426-11A90B03B93E}.Release|x64.Build.0 = Release|x64
	EndGlobalSection
	GlobalSection(SolutionProperties) = preSolution
		HideSolutionNode = FALSE
	EndGlobalSection
EndGlobal
