<?xml version="1.0" encoding="utf-8"?>
<Project ToolsVersion="4.0" xmlns="http://schemas.microsoft.com/developer/msbuild/2003">
	<ItemGroup>
		<Filter Include="Source">
			<UniqueIdentifier>{1AB22723-8996-EFBC-C28F-32FFA1CCA294}</UniqueIdentifier>
		</Filter>
		<Filter Include="Source\mz_juce_common">
			<UniqueIdentifier>{571DC0E7-34EA-04A4-D497-DFE52DA598DA}</UniqueIdentifier>
		</Filter>
		<Filter Include="Source\mz_juce_common\math">
			<UniqueIdentifier>{A81582CC-4098-C096-D459-13E6462BD99E}</UniqueIdentifier>
		</Filter>
		<Filter Include="Source\mz_juce_common\widgets">
			<UniqueIdentifier>{965AB08A-813A-51A0-264D-8A5A401A0CFD}</UniqueIdentifier>
		</Filter>
		<Filter Include="Source\mz_juce_common\widgets\resources">
			<UniqueIdentifier>{6DB6AF87-474F-F081-B728-AC74FB7299BC}</UniqueIdentifier>
		</Filter>
		<Filter Include="Source\mz_juce_common\audio">
			<UniqueIdentifier>{8AEC8447-4781-DDD7-09CB-BC48B8B59A35}</UniqueIdentifier>
		</Filter>
		<Filter Include="Source\mz_juce_common\parameter_juggler">
			<UniqueIdentifier>{1FED2E78-7D9A-891B-29B7-CA5D18B1A0AD}</UniqueIdentifier>
		</Filter>
		<Filter Include="libraries">
			<UniqueIdentifier>{20041483-2513-F5A5-3741-AB9706AFB16B}</UniqueIdentifier>
		</Filter>
		<Filter Include="libraries\juce">
			<UniqueIdentifier>{0379FDCA-3940-9DCF-21AA-90DD62224792}</UniqueIdentifier>
		</Filter>
		<Filter Include="libraries\juce\modules">
			<UniqueIdentifier>{8E18CE36-F1BA-422A-6E4E-A419B89F0CB8}</UniqueIdentifier>
		</Filter>
		<Filter Include="libraries\juce\modules\juce_audio_basics">
			<UniqueIdentifier>{C8337B16-13E0-34DC-790E-466CA09E63E3}</UniqueIdentifier>
		</Filter>
		<Filter Include="libraries\juce\modules\juce_audio_devices">
			<UniqueIdentifier>{DDDBD252-335B-BAB1-A6FF-E28B636286D6}</UniqueIdentifier>
		</Filter>
		<Filter Include="libraries\juce\modules\juce_audio_formats">
			<UniqueIdentifier>{25E8F573-B85F-543A-3767-F59BEACE3C46}</UniqueIdentifier>
		</Filter>
		<Filter Include="libraries\juce\modules\juce_audio_processors">
			<UniqueIdentifier>{848AF865-13AD-F3CB-2ACA-3AF4008C2585}</UniqueIdentifier>
		</Filter>
		<Filter Include="libraries\juce\modules\juce_audio_utils">
			<UniqueIdentifier>{CE8ADBEF-6F10-D05A-1090-CED723141F17}</UniqueIdentifier>
		</Filter>
		<Filter Include="libraries\juce\modules\juce_core">
			<UniqueIdentifier>{2D8404E1-9086-9838-1684-E20D10EAFD25}</UniqueIdentifier>
		</Filter>
		<Filter Include="libraries\juce\modules\juce_cryptography">
			<UniqueIdentifier>{E3BE4815-ABDA-E1CF-EACE-06278CE341E4}</UniqueIdentifier>
		</Filter>
		<Filter Include="libraries\juce\modules\juce_data_structures">
			<UniqueIdentifier>{2AD2A4A2-5DD4-540C-3F58-4C56EAFF8BA6}</UniqueIdentifier>
		</Filter>
		<Filter Include="libraries\juce\modules\juce_events">
			<UniqueIdentifier>{8C4EF3FB-4518-9C25-A42A-E1E13FAEC2DA}</UniqueIdentifier>
		</Filter>
		<Filter Include="libraries\juce\modules\juce_graphics">
			<UniqueIdentifier>{56E21979-86F1-56FE-8455-9E0268870757}</UniqueIdentifier>
		</Filter>
		<Filter Include="libraries\juce\modules\juce_gui_basics">
			<UniqueIdentifier>{5D618701-3929-D3FE-49A5-6B6596927E5A}</UniqueIdentifier>
		</Filter>
		<Filter Include="libraries\juce\modules\juce_gui_extra">
			<UniqueIdentifier>{46A34186-66D7-B610-E5F6-C66EB5910C8D}</UniqueIdentifier>
		</Filter>
		<Filter Include="libraries\juce\modules\juce_video">
			<UniqueIdentifier>{BCB9441F-ADAF-B0E2-95C1-0DBE266240A3}</UniqueIdentifier>
		</Filter>
	</ItemGroup>
	<ItemGroup>
		<ClInclude Include="..\..\..\Source\gain_stage_fet.h">
			<Filter>Source</Filter>
		</ClInclude>
		<ClInclude Include="..\..\..\Source\meter_bar_gain_reduction.h">
			<Filter>Source</Filter>
		</ClInclude>
		<ClInclude Include="..\..\..\Source\meter_segment.h">
			<Filter>Source</Filter>
		</ClInclude>
		<ClInclude Include="..\..\..\Source\filter_chebyshev_stage.h">
			<Filter>Source</Filter>
		</ClInclude>
		<ClInclude Include="..\..\..\Source\meter_bar_level.h">
			<Filter>Source</Filter>
		</ClInclude>
		<ClInclude Include="..\..\..\Source\gain_stage_optical.h">
			<Filter>Source</Filter>
		</ClInclude>
		<ClInclude Include="..\..\..\Source\filter_chebyshev.h">
			<Filter>Source</Filter>
		</ClInclude>
		<ClInclude Include="..\..\..\Source\plugin_parameters.h">
			<Filter>Source</Filter>
		</ClInclude>
		<ClInclude Include="..\..\..\Source\compressor.h">
			<Filter>Source</Filter>
		</ClInclude>
		<ClInclude Include="..\..\..\Source\window_settings.h">
			<Filter>Source</Filter>
		</ClInclude>
		<ClInclude Include="..\..\..\Source\side_chain.h">
			<Filter>Source</Filter>
		</ClInclude>
		<ClInclude Include="..\..\..\Source\plugin_processor.h">
			<Filter>Source</Filter>
		</ClInclude>
		<ClInclude Include="..\..\..\Source\plugin_editor.h">
			<Filter>Source</Filter>
		</ClInclude>
		<ClInclude Include="..\..\..\Source\standalone_application.h">
			<Filter>Source</Filter>
		</ClInclude>
		<ClInclude Include="..\..\..\Source\gain_stage.h">
			<Filter>Source</Filter>
		</ClInclude>
		<ClInclude Include="..\..\..\Source\mz_juce_common\tools.h">
			<Filter>Source\mz_juce_common</Filter>
		</ClInclude>
		<ClInclude Include="..\..\..\Source\mz_juce_common\mz_juce_common.h">
			<Filter>Source\mz_juce_common</Filter>
		</ClInclude>
		<ClInclude Include="..\..\..\Source\mz_juce_common\math\averager.h">
			<Filter>Source\mz_juce_common\math</Filter>
		</ClInclude>
		<ClInclude Include="..\..\..\Source\mz_juce_common\widgets\generic_plugin_standalone.h">
			<Filter>Source\mz_juce_common\widgets</Filter>
		</ClInclude>
		<ClInclude Include="..\..\..\Source\mz_juce_common\widgets\generic_window_about.h">
			<Filter>Source\mz_juce_common\widgets</Filter>
		</ClInclude>
		<ClInclude Include="..\..\..\Source\mz_juce_common\widgets\generic_window_skin.h">
			<Filter>Source\mz_juce_common\widgets</Filter>
		</ClInclude>
		<ClInclude Include="..\..\..\Source\mz_juce_common\widgets\generic_state_label.h">
			<Filter>Source\mz_juce_common\widgets</Filter>
		</ClInclude>
		<ClInclude Include="..\..\..\Source\mz_juce_common\widgets\resources\resources.h">
			<Filter>Source\mz_juce_common\widgets\resources</Filter>
		</ClInclude>
		<ClInclude Include="..\..\..\Source\mz_juce_common\audio\dither.h">
			<Filter>Source\mz_juce_common\audio</Filter>
		</ClInclude>
		<ClInclude Include="..\..\..\Source\mz_juce_common\parameter_juggler\wrapped_parameter_continuous.h">
			<Filter>Source\mz_juce_common\parameter_juggler</Filter>
		</ClInclude>
		<ClInclude Include="..\..\..\Source\mz_juce_common\parameter_juggler\slider_continuous.h">
			<Filter>Source\mz_juce_common\parameter_juggler</Filter>
		</ClInclude>
		<ClInclude Include="..\..\..\Source\mz_juce_common\parameter_juggler\wrapped_parameter_toggle_switch.h">
			<Filter>Source\mz_juce_common\parameter_juggler</Filter>
		</ClInclude>
		<ClInclude Include="..\..\..\Source\mz_juce_common\parameter_juggler\wrapped_parameter.h">
			<Filter>Source\mz_juce_common\parameter_juggler</Filter>
		</ClInclude>
		<ClInclude Include="..\..\..\Source\mz_juce_common\parameter_juggler\parameter_juggler.h">
			<Filter>Source\mz_juce_common\parameter_juggler</Filter>
		</ClInclude>
		<ClInclude Include="..\..\..\Source\mz_juce_common\parameter_juggler\slider_combined.h">
			<Filter>Source\mz_juce_common\parameter_juggler</Filter>
		</ClInclude>
		<ClInclude Include="..\..\..\Source\mz_juce_common\parameter_juggler\wrapped_parameter_switch.h">
			<Filter>Source\mz_juce_common\parameter_juggler</Filter>
		</ClInclude>
		<ClInclude Include="..\..\..\Source\mz_juce_common\parameter_juggler\wrapped_parameter_combined.h">
			<Filter>Source\mz_juce_common\parameter_juggler</Filter>
		</ClInclude>
		<ClInclude Include="..\..\..\Source\mz_juce_common\parameter_juggler\wrapped_parameter_string.h">
			<Filter>Source\mz_juce_common\parameter_juggler</Filter>
		</ClInclude>
		<ClInclude Include="..\..\..\Source\mz_juce_common\parameter_juggler\slider_switch_linear_bar.h">
			<Filter>Source\mz_juce_common\parameter_juggler</Filter>
		</ClInclude>
		<ClInclude Include="..\..\..\Source\mz_juce_common\parameter_juggler\slider_switch.h">
			<Filter>Source\mz_juce_common\parameter_juggler</Filter>
		</ClInclude>
	</ItemGroup>
	<ItemGroup>
		<ClCompile Include="..\..\..\Source\meter_segment.cpp">
			<Filter>Source</Filter>
		</ClCompile>
		<ClCompile Include="..\..\..\Source\plugin_processor.cpp">
			<Filter>Source</Filter>
		</ClCompile>
		<ClCompile Include="..\..\..\Source\gain_stage_optical.cpp">
			<Filter>Source</Filter>
		</ClCompile>
		<ClCompile Include="..\..\..\Source\plugin_parameters.cpp">
			<Filter>Source</Filter>
		</ClCompile>
		<ClCompile Include="..\..\..\Source\meter_bar_gain_reduction.cpp">
			<Filter>Source</Filter>
		</ClCompile>
		<ClCompile Include="..\..\..\Source\filter_chebyshev_stage.cpp">
			<Filter>Source</Filter>
		</ClCompile>
		<ClCompile Include="..\..\..\Source\main.cpp">
			<Filter>Source</Filter>
		</ClCompile>
		<ClCompile Include="..\..\..\Source\meter_bar_level.cpp">
			<Filter>Source</Filter>
		</ClCompile>
		<ClCompile Include="..\..\..\Source\side_chain.cpp">
			<Filter>Source</Filter>
		</ClCompile>
		<ClCompile Include="..\..\..\Source\window_settings.cpp">
			<Filter>Source</Filter>
		</ClCompile>
		<ClCompile Include="..\..\..\Source\standalone_application.cpp">
			<Filter>Source</Filter>
		</ClCompile>
		<ClCompile Include="..\..\..\Source\filter_chebyshev.cpp">
			<Filter>Source</Filter>
		</ClCompile>
		<ClCompile Include="..\..\..\Source\compressor.cpp">
			<Filter>Source</Filter>
		</ClCompile>
		<ClCompile Include="..\..\..\Source\plugin_editor.cpp">
			<Filter>Source</Filter>
		</ClCompile>
		<ClCompile Include="..\..\..\Source\gain_stage_fet.cpp">
			<Filter>Source</Filter>
		</ClCompile>
		<ClCompile Include="..\..\..\Source\mz_juce_common\math\averager.cpp">
			<Filter>Source\mz_juce_common\math</Filter>
		</ClCompile>
		<ClCompile Include="..\..\..\Source\mz_juce_common\widgets\generic_window_skin.cpp">
			<Filter>Source\mz_juce_common\widgets</Filter>
		</ClCompile>
		<ClCompile Include="..\..\..\Source\mz_juce_common\widgets\generic_window_about.cpp">
			<Filter>Source\mz_juce_common\widgets</Filter>
		</ClCompile>
		<ClCompile Include="..\..\..\Source\mz_juce_common\widgets\generic_plugin_standalone.cpp">
			<Filter>Source\mz_juce_common\widgets</Filter>
		</ClCompile>
		<ClCompile Include="..\..\..\Source\mz_juce_common\widgets\generic_state_label.cpp">
			<Filter>Source\mz_juce_common\widgets</Filter>
		</ClCompile>
		<ClCompile Include="..\..\..\Source\mz_juce_common\widgets\resources\resources.cpp">
			<Filter>Source\mz_juce_common\widgets\resources</Filter>
		</ClCompile>
		<ClCompile Include="..\..\..\Source\mz_juce_common\audio\dither.cpp">
			<Filter>Source\mz_juce_common\audio</Filter>
		</ClCompile>
		<ClCompile Include="..\..\..\Source\mz_juce_common\parameter_juggler\wrapped_parameter_toggle_switch.cpp">
			<Filter>Source\mz_juce_common\parameter_juggler</Filter>
		</ClCompile>
		<ClCompile Include="..\..\..\Source\mz_juce_common\parameter_juggler\parameter_juggler.cpp">
			<Filter>Source\mz_juce_common\parameter_juggler</Filter>
		</ClCompile>
		<ClCompile Include="..\..\..\Source\mz_juce_common\parameter_juggler\slider_combined.cpp">
			<Filter>Source\mz_juce_common\parameter_juggler</Filter>
		</ClCompile>
		<ClCompile Include="..\..\..\Source\mz_juce_common\parameter_juggler\slider_switch.cpp">
			<Filter>Source\mz_juce_common\parameter_juggler</Filter>
		</ClCompile>
		<ClCompile Include="..\..\..\Source\mz_juce_common\parameter_juggler\wrapped_parameter_string.cpp">
			<Filter>Source\mz_juce_common\parameter_juggler</Filter>
		</ClCompile>
		<ClCompile Include="..\..\..\Source\mz_juce_common\parameter_juggler\slider_continuous.cpp">
			<Filter>Source\mz_juce_common\parameter_juggler</Filter>
		</ClCompile>
		<ClCompile Include="..\..\..\Source\mz_juce_common\parameter_juggler\wrapped_parameter_switch.cpp">
			<Filter>Source\mz_juce_common\parameter_juggler</Filter>
		</ClCompile>
		<ClCompile Include="..\..\..\Source\mz_juce_common\parameter_juggler\slider_switch_linear_bar.cpp">
			<Filter>Source\mz_juce_common\parameter_juggler</Filter>
		</ClCompile>
		<ClCompile Include="..\..\..\Source\mz_juce_common\parameter_juggler\wrapped_parameter_continuous.cpp">
			<Filter>Source\mz_juce_common\parameter_juggler</Filter>
		</ClCompile>
		<ClCompile Include="..\..\..\Source\mz_juce_common\parameter_juggler\wrapped_parameter_combined.cpp">
			<Filter>Source\mz_juce_common\parameter_juggler</Filter>
		</ClCompile>
		<ClCompile Include="..\..\..\libraries\juce\modules\juce_audio_basics\juce_audio_basics.cpp">
			<Filter>libraries\juce\modules\juce_audio_basics</Filter>
		</ClCompile>
		<ClCompile Include="..\..\..\libraries\juce\modules\juce_audio_devices\juce_audio_devices.cpp">
			<Filter>libraries\juce\modules\juce_audio_devices</Filter>
		</ClCompile>
		<ClCompile Include="..\..\..\libraries\juce\modules\juce_audio_formats\juce_audio_formats.cpp">
			<Filter>libraries\juce\modules\juce_audio_formats</Filter>
		</ClCompile>
		<ClCompile Include="..\..\..\libraries\juce\modules\juce_audio_processors\juce_audio_processors.cpp">
			<Filter>libraries\juce\modules\juce_audio_processors</Filter>
		</ClCompile>
		<ClCompile Include="..\..\..\libraries\juce\modules\juce_audio_utils\juce_audio_utils.cpp">
			<Filter>libraries\juce\modules\juce_audio_utils</Filter>
		</ClCompile>
		<ClCompile Include="..\..\..\libraries\juce\modules\juce_core\juce_core.cpp">
			<Filter>libraries\juce\modules\juce_core</Filter>
		</ClCompile>
		<ClCompile Include="..\..\..\libraries\juce\modules\juce_cryptography\juce_cryptography.cpp">
			<Filter>libraries\juce\modules\juce_cryptography</Filter>
		</ClCompile>
		<ClCompile Include="..\..\..\libraries\juce\modules\juce_data_structures\juce_data_structures.cpp">
			<Filter>libraries\juce\modules\juce_data_structures</Filter>
		</ClCompile>
		<ClCompile Include="..\..\..\libraries\juce\modules\juce_events\juce_events.cpp">
			<Filter>libraries\juce\modules\juce_events</Filter>
		</ClCompile>
		<ClCompile Include="..\..\..\libraries\juce\modules\juce_graphics\juce_graphics.cpp">
			<Filter>libraries\juce\modules\juce_graphics</Filter>
		</ClCompile>
		<ClCompile Include="..\..\..\libraries\juce\modules\juce_gui_basics\juce_gui_basics.cpp">
			<Filter>libraries\juce\modules\juce_gui_basics</Filter>
		</ClCompile>
		<ClCompile Include="..\..\..\libraries\juce\modules\juce_gui_extra\juce_gui_extra.cpp">
			<Filter>libraries\juce\modules\juce_gui_extra</Filter>
		</ClCompile>
		<ClCompile Include="..\..\..\libraries\juce\modules\juce_video\juce_video.cpp">
			<Filter>libraries\juce\modules\juce_video</Filter>
		</ClCompile>
	</ItemGroup>
</Project>
