<?xml version="1.0" encoding="utf-8"?>
<Project ToolsVersion="4.0" xmlns="http://schemas.microsoft.com/developer/msbuild/2003">
	<ItemGroup>
		<Filter Include="Source">
			<UniqueIdentifier>{BC15DFFD-3D7B-F852-4B8F-BE352D0AD030}</UniqueIdentifier>
		</Filter>
		<Filter Include="Source\mz_juce_common">
			<UniqueIdentifier>{4116FC5D-7884-8742-EB2F-D8A9AE36CD2A}</UniqueIdentifier>
		</Filter>
		<Filter Include="Source\mz_juce_common\math">
			<UniqueIdentifier>{65A04E6C-F715-E9CA-BA7F-B47B01FC602C}</UniqueIdentifier>
		</Filter>
		<Filter Include="Source\mz_juce_common\widgets">
			<UniqueIdentifier>{7B78C0A4-B32D-A11C-C07E-195AAA84AD35}</UniqueIdentifier>
		</Filter>
		<Filter Include="Source\mz_juce_common\widgets\resources">
			<UniqueIdentifier>{1923301A-3320-D1F1-C8F9-02B8F7278E9D}</UniqueIdentifier>
		</Filter>
		<Filter Include="Source\mz_juce_common\audio">
			<UniqueIdentifier>{CCA2013F-ECEC-4063-5D8E-3D5F02136F50}</UniqueIdentifier>
		</Filter>
		<Filter Include="Source\mz_juce_common\parameter_juggler">
			<UniqueIdentifier>{D55DADBF-00A8-8512-B942-AA4FF12B89F1}</UniqueIdentifier>
		</Filter>
		<Filter Include="libraries">
			<UniqueIdentifier>{F71E01A0-DA6C-BD6B-3615-6C0EF0A91075}</UniqueIdentifier>
		</Filter>
		<Filter Include="libraries\juce">
			<UniqueIdentifier>{CD424D84-F7AD-189E-BCC8-A0C4A9A7F3C4}</UniqueIdentifier>
		</Filter>
		<Filter Include="libraries\juce\modules">
			<UniqueIdentifier>{2F1E32C5-3C20-D6A1-F62D-56752627FF09}</UniqueIdentifier>
		</Filter>
		<Filter Include="libraries\juce\modules\juce_audio_basics">
			<UniqueIdentifier>{CADAD24D-58E2-96FE-A06C-6C7B66704D60}</UniqueIdentifier>
		</Filter>
		<Filter Include="libraries\juce\modules\juce_audio_devices">
			<UniqueIdentifier>{FCF26AF7-CE6C-654B-448A-E68DB5F303CC}</UniqueIdentifier>
		</Filter>
		<Filter Include="libraries\juce\modules\juce_audio_formats">
			<UniqueIdentifier>{EEEF6405-9A67-57F3-FE27-10F35B57FDE4}</UniqueIdentifier>
		</Filter>
		<Filter Include="libraries\juce\modules\juce_audio_processors">
			<UniqueIdentifier>{6695D1F4-9CB5-EC4C-BBB5-16551C5F4B2A}</UniqueIdentifier>
		</Filter>
		<Filter Include="libraries\juce\modules\juce_audio_utils">
			<UniqueIdentifier>{8D8D6ED0-42A2-3BAE-E06F-171FC1FAE54E}</UniqueIdentifier>
		</Filter>
		<Filter Include="libraries\juce\modules\juce_core">
			<UniqueIdentifier>{E3CA37AC-F7C4-153B-17EC-AAA4596E6562}</UniqueIdentifier>
		</Filter>
		<Filter Include="libraries\juce\modules\juce_cryptography">
			<UniqueIdentifier>{77D35E9F-AAF2-5F0B-C449-2B8A07014D09}</UniqueIdentifier>
		</Filter>
		<Filter Include="libraries\juce\modules\juce_data_structures">
			<UniqueIdentifier>{9AF906BB-3EF2-D2AB-B39A-6A25EF1C9CC8}</UniqueIdentifier>
		</Filter>
		<Filter Include="libraries\juce\modules\juce_events">
			<UniqueIdentifier>{85C5D8DB-0523-386A-5AF6-05836724ED57}</UniqueIdentifier>
		</Filter>
		<Filter Include="libraries\juce\modules\juce_graphics">
			<UniqueIdentifier>{45EAF6D0-D7FD-52BC-A3F1-38EE64A5C84A}</UniqueIdentifier>
		</Filter>
		<Filter Include="libraries\juce\modules\juce_gui_basics">
			<UniqueIdentifier>{74286600-79B1-59CD-59D4-838A40BC321D}</UniqueIdentifier>
		</Filter>
		<Filter Include="libraries\juce\modules\juce_gui_extra">
			<UniqueIdentifier>{2236B9AC-3880-266C-2067-1189301BE043}</UniqueIdentifier>
		</Filter>
		<Filter Include="libraries\juce\modules\juce_video">
			<UniqueIdentifier>{ACAD1B23-F431-F443-66D7-921AB36CCC7C}</UniqueIdentifier>
		</Filter>
		<Filter Include="libraries\juce\modules\juce_audio_plugin_client">
			<UniqueIdentifier>{574199A0-292F-798C-8576-1C2671F880D7}</UniqueIdentifier>
		</Filter>
		<Filter Include="libraries\juce\modules\juce_audio_plugin_client\utility">
			<UniqueIdentifier>{4C8DF90A-980F-3D9A-8BF8-53F586E68460}</UniqueIdentifier>
		</Filter>
		<Filter Include="libraries\juce\modules\juce_audio_plugin_client\VST">
			<UniqueIdentifier>{012B2A36-AF29-EEBF-8576-36683E0AE1EB}</UniqueIdentifier>
		</Filter>
	</ItemGroup>
	<ItemGroup>
		<ClInclude Include="..\..\..\Source\gain_stage_fet.h">
			<Filter>Source</Filter>
		</ClInclude>
		<ClInclude Include="..\..\..\Source\meter_bar_gain_reduction.h">
			<Filter>Source</Filter>
		</ClInclude>
		<ClInclude Include="..\..\..\Source\meter_segment.h">
			<Filter>Source</Filter>
		</ClInclude>
		<ClInclude Include="..\..\..\Source\filter_chebyshev_stage.h">
			<Filter>Source</Filter>
		</ClInclude>
		<ClInclude Include="..\..\..\Source\meter_bar_level.h">
			<Filter>Source</Filter>
		</ClInclude>
		<ClInclude Include="..\..\..\Source\gain_stage_optical.h">
			<Filter>Source</Filter>
		</ClInclude>
		<ClInclude Include="..\..\..\Source\filter_chebyshev.h">
			<Filter>Source</Filter>
		</ClInclude>
		<ClInclude Include="..\..\..\Source\plugin_parameters.h">
			<Filter>Source</Filter>
		</ClInclude>
		<ClInclude Include="..\..\..\Source\compressor.h">
			<Filter>Source</Filter>
		</ClInclude>
		<ClInclude Include="..\..\..\Source\window_settings.h">
			<Filter>Source</Filter>
		</ClInclude>
		<ClInclude Include="..\..\..\Source\side_chain.h">
			<Filter>Source</Filter>
		</ClInclude>
		<ClInclude Include="..\..\..\Source\plugin_processor.h">
			<Filter>Source</Filter>
		</ClInclude>
		<ClInclude Include="..\..\..\Source\plugin_editor.h">
			<Filter>Source</Filter>
		</ClInclude>
		<ClInclude Include="..\..\..\Source\gain_stage.h">
			<Filter>Source</Filter>
		</ClInclude>
		<ClInclude Include="..\..\..\Source\mz_juce_common\tools.h">
			<Filter>Source\mz_juce_common</Filter>
		</ClInclude>
		<ClInclude Include="..\..\..\Source\mz_juce_common\mz_juce_common.h">
			<Filter>Source\mz_juce_common</Filter>
		</ClInclude>
		<ClInclude Include="..\..\..\Source\mz_juce_common\math\averager.h">
			<Filter>Source\mz_juce_common\math</Filter>
		</ClInclude>
		<ClInclude Include="..\..\..\Source\mz_juce_common\widgets\generic_plugin_standalone.h">
			<Filter>Source\mz_juce_common\widgets</Filter>
		</ClInclude>
		<ClInclude Include="..\..\..\Source\mz_juce_common\widgets\slider_continuous.h">
			<Filter>Source\mz_juce_common\widgets</Filter>
		</ClInclude>
		<ClInclude Include="..\..\..\Source\mz_juce_common\widgets\generic_window_about.h">
			<Filter>Source\mz_juce_common\widgets</Filter>
		</ClInclude>
		<ClInclude Include="..\..\..\Source\mz_juce_common\widgets\slider_combined.h">
			<Filter>Source\mz_juce_common\widgets</Filter>
		</ClInclude>
		<ClInclude Include="..\..\..\Source\mz_juce_common\widgets\generic_window_skin.h">
			<Filter>Source\mz_juce_common\widgets</Filter>
		</ClInclude>
		<ClInclude Include="..\..\..\Source\mz_juce_common\widgets\slider_switch_linear_bar.h">
			<Filter>Source\mz_juce_common\widgets</Filter>
		</ClInclude>
		<ClInclude Include="..\..\..\Source\mz_juce_common\widgets\slider_switch.h">
			<Filter>Source\mz_juce_common\widgets</Filter>
		</ClInclude>
		<ClInclude Include="..\..\..\Source\mz_juce_common\widgets\generic_state_label.h">
			<Filter>Source\mz_juce_common\widgets</Filter>
		</ClInclude>
		<ClInclude Include="..\..\..\Source\mz_juce_common\widgets\resources\resources.h">
			<Filter>Source\mz_juce_common\widgets\resources</Filter>
		</ClInclude>
		<ClInclude Include="..\..\..\Source\mz_juce_common\audio\dither.h">
			<Filter>Source\mz_juce_common\audio</Filter>
		</ClInclude>
		<ClInclude Include="..\..\..\Source\mz_juce_common\parameter_juggler\wrapped_parameter_continuous.h">
			<Filter>Source\mz_juce_common\parameter_juggler</Filter>
		</ClInclude>
		<ClInclude Include="..\..\..\Source\mz_juce_common\parameter_juggler\wrapped_parameter_toggle_switch.h">
			<Filter>Source\mz_juce_common\parameter_juggler</Filter>
		</ClInclude>
		<ClInclude Include="..\..\..\Source\mz_juce_common\parameter_juggler\wrapped_parameter.h">
			<Filter>Source\mz_juce_common\parameter_juggler</Filter>
		</ClInclude>
		<ClInclude Include="..\..\..\Source\mz_juce_common\parameter_juggler\parameter_juggler.h">
			<Filter>Source\mz_juce_common\parameter_juggler</Filter>
		</ClInclude>
		<ClInclude Include="..\..\..\Source\mz_juce_common\parameter_juggler\wrapped_parameter_switch.h">
			<Filter>Source\mz_juce_common\parameter_juggler</Filter>
		</ClInclude>
		<ClInclude Include="..\..\..\Source\mz_juce_common\parameter_juggler\wrapped_parameter_combined.h">
			<Filter>Source\mz_juce_common\parameter_juggler</Filter>
		</ClInclude>
		<ClInclude Include="..\..\..\Source\mz_juce_common\parameter_juggler\wrapped_parameter_string.h">
			<Filter>Source\mz_juce_common\parameter_juggler</Filter>
		</ClInclude>
	</ItemGroup>
	<ItemGroup>
		<ClCompile Include="..\..\..\Source\meter_segment.cpp">
			<Filter>Source</Filter>
		</ClCompile>
		<ClCompile Include="..\..\..\Source\plugin_processor.cpp">
			<Filter>Source</Filter>
		</ClCompile>
		<ClCompile Include="..\..\..\Source\gain_stage_optical.cpp">
			<Filter>Source</Filter>
		</ClCompile>
		<ClCompile Include="..\..\..\Source\plugin_parameters.cpp">
			<Filter>Source</Filter>
		</ClCompile>
		<ClCompile Include="..\..\..\Source\meter_bar_gain_reduction.cpp">
			<Filter>Source</Filter>
		</ClCompile>
		<ClCompile Include="..\..\..\Source\filter_chebyshev_stage.cpp">
			<Filter>Source</Filter>
		</ClCompile>
		<ClCompile Include="..\..\..\Source\main.cpp">
			<Filter>Source</Filter>
		</ClCompile>
		<ClCompile Include="..\..\..\Source\meter_bar_level.cpp">
			<Filter>Source</Filter>
		</ClCompile>
		<ClCompile Include="..\..\..\Source\side_chain.cpp">
			<Filter>Source</Filter>
		</ClCompile>
		<ClCompile Include="..\..\..\Source\window_settings.cpp">
			<Filter>Source</Filter>
		</ClCompile>
		<ClCompile Include="..\..\..\Source\filter_chebyshev.cpp">
			<Filter>Source</Filter>
		</ClCompile>
		<ClCompile Include="..\..\..\Source\compressor.cpp">
			<Filter>Source</Filter>
		</ClCompile>
		<ClCompile Include="..\..\..\Source\plugin_editor.cpp">
			<Filter>Source</Filter>
		</ClCompile>
		<ClCompile Include="..\..\..\Source\gain_stage_fet.cpp">
			<Filter>Source</Filter>
		</ClCompile>
		<ClCompile Include="..\..\..\Source\mz_juce_common\math\averager.cpp">
			<Filter>Source\mz_juce_common\math</Filter>
		</ClCompile>
		<ClCompile Include="..\..\..\Source\mz_juce_common\widgets\slider_combined.cpp">
			<Filter>Source\mz_juce_common\widgets</Filter>
		</ClCompile>
		<ClCompile Include="..\..\..\Source\mz_juce_common\widgets\slider_switch.cpp">
			<Filter>Source\mz_juce_common\widgets</Filter>
		</ClCompile>
		<ClCompile Include="..\..\..\Source\mz_juce_common\widgets\generic_window_skin.cpp">
			<Filter>Source\mz_juce_common\widgets</Filter>
		</ClCompile>
		<ClCompile Include="..\..\..\Source\mz_juce_common\widgets\generic_window_about.cpp">
			<Filter>Source\mz_juce_common\widgets</Filter>
		</ClCompile>
		<ClCompile Include="..\..\..\Source\mz_juce_common\widgets\slider_continuous.cpp">
			<Filter>Source\mz_juce_common\widgets</Filter>
		</ClCompile>
		<ClCompile Include="..\..\..\Source\mz_juce_common\widgets\slider_switch_linear_bar.cpp">
			<Filter>Source\mz_juce_common\widgets</Filter>
		</ClCompile>
		<ClCompile Include="..\..\..\Source\mz_juce_common\widgets\generic_plugin_standalone.cpp">
			<Filter>Source\mz_juce_common\widgets</Filter>
		</ClCompile>
		<ClCompile Include="..\..\..\Source\mz_juce_common\widgets\generic_state_label.cpp">
			<Filter>Source\mz_juce_common\widgets</Filter>
		</ClCompile>
		<ClCompile Include="..\..\..\Source\mz_juce_common\widgets\resources\resources.cpp">
			<Filter>Source\mz_juce_common\widgets\resources</Filter>
		</ClCompile>
		<ClCompile Include="..\..\..\Source\mz_juce_common\audio\dither.cpp">
			<Filter>Source\mz_juce_common\audio</Filter>
		</ClCompile>
		<ClCompile Include="..\..\..\Source\mz_juce_common\parameter_juggler\wrapped_parameter_toggle_switch.cpp">
			<Filter>Source\mz_juce_common\parameter_juggler</Filter>
		</ClCompile>
		<ClCompile Include="..\..\..\Source\mz_juce_common\parameter_juggler\parameter_juggler.cpp">
			<Filter>Source\mz_juce_common\parameter_juggler</Filter>
		</ClCompile>
		<ClCompile Include="..\..\..\Source\mz_juce_common\parameter_juggler\wrapped_parameter_string.cpp">
			<Filter>Source\mz_juce_common\parameter_juggler</Filter>
		</ClCompile>
		<ClCompile Include="..\..\..\Source\mz_juce_common\parameter_juggler\wrapped_parameter_switch.cpp">
			<Filter>Source\mz_juce_common\parameter_juggler</Filter>
		</ClCompile>
		<ClCompile Include="..\..\..\Source\mz_juce_common\parameter_juggler\wrapped_parameter_continuous.cpp">
			<Filter>Source\mz_juce_common\parameter_juggler</Filter>
		</ClCompile>
		<ClCompile Include="..\..\..\Source\mz_juce_common\parameter_juggler\wrapped_parameter_combined.cpp">
			<Filter>Source\mz_juce_common\parameter_juggler</Filter>
		</ClCompile>
		<ClCompile Include="..\..\..\libraries\juce\modules\juce_audio_basics\juce_audio_basics.cpp">
			<Filter>libraries\juce\modules\juce_audio_basics</Filter>
		</ClCompile>
		<ClCompile Include="..\..\..\libraries\juce\modules\juce_audio_devices\juce_audio_devices.cpp">
			<Filter>libraries\juce\modules\juce_audio_devices</Filter>
		</ClCompile>
		<ClCompile Include="..\..\..\libraries\juce\modules\juce_audio_formats\juce_audio_formats.cpp">
			<Filter>libraries\juce\modules\juce_audio_formats</Filter>
		</ClCompile>
		<ClCompile Include="..\..\..\libraries\juce\modules\juce_audio_processors\juce_audio_processors.cpp">
			<Filter>libraries\juce\modules\juce_audio_processors</Filter>
		</ClCompile>
		<ClCompile Include="..\..\..\libraries\juce\modules\juce_audio_utils\juce_audio_utils.cpp">
			<Filter>libraries\juce\modules\juce_audio_utils</Filter>
		</ClCompile>
		<ClCompile Include="..\..\..\libraries\juce\modules\juce_core\juce_core.cpp">
			<Filter>libraries\juce\modules\juce_core</Filter>
		</ClCompile>
		<ClCompile Include="..\..\..\libraries\juce\modules\juce_cryptography\juce_cryptography.cpp">
			<Filter>libraries\juce\modules\juce_cryptography</Filter>
		</ClCompile>
		<ClCompile Include="..\..\..\libraries\juce\modules\juce_data_structures\juce_data_structures.cpp">
			<Filter>libraries\juce\modules\juce_data_structures</Filter>
		</ClCompile>
		<ClCompile Include="..\..\..\libraries\juce\modules\juce_events\juce_events.cpp">
			<Filter>libraries\juce\modules\juce_events</Filter>
		</ClCompile>
		<ClCompile Include="..\..\..\libraries\juce\modules\juce_graphics\juce_graphics.cpp">
			<Filter>libraries\juce\modules\juce_graphics</Filter>
		</ClCompile>
		<ClCompile Include="..\..\..\libraries\juce\modules\juce_gui_basics\juce_gui_basics.cpp">
			<Filter>libraries\juce\modules\juce_gui_basics</Filter>
		</ClCompile>
		<ClCompile Include="..\..\..\libraries\juce\modules\juce_gui_extra\juce_gui_extra.cpp">
			<Filter>libraries\juce\modules\juce_gui_extra</Filter>
		</ClCompile>
		<ClCompile Include="..\..\..\libraries\juce\modules\juce_video\juce_video.cpp">
			<Filter>libraries\juce\modules\juce_video</Filter>
		</ClCompile>
		<ClCompile Include="..\..\..\libraries\juce\modules\juce_audio_plugin_client\utility\juce_PluginUtilities.cpp">
			<Filter>libraries\juce\modules\juce_audio_plugin_client\utility</Filter>
		</ClCompile>
		<ClCompile Include="..\..\..\libraries\juce\modules\juce_audio_plugin_client\VST\juce_VST_Wrapper.cpp">
			<Filter>libraries\juce\modules\juce_audio_plugin_client\VST</Filter>
		</ClCompile>
	</ItemGroup>
</Project>
