<?xml version="1.0" encoding="utf-8"?>
<Project ToolsVersion="4.0" xmlns="http://schemas.microsoft.com/developer/msbuild/2003">
  <ItemGroup>
    <Filter Include="JuceLibraryCode">
      <UniqueIdentifier>{FC7F2A2C-680B-98F0-711C-1BE5DD26F4F0}</UniqueIdentifier>
    </Filter>
    <Filter Include="Source">
      <UniqueIdentifier>{56EB95D1-428D-C0A7-2B48-D4FB178947F8}</UniqueIdentifier>
    </Filter>
    <Filter Include="Source\frut">
      <UniqueIdentifier>{E6D3280F-5289-A104-DB7D-9BDB47329808}</UniqueIdentifier>
    </Filter>
    <Filter Include="Source\frut\amalgamated">
      <UniqueIdentifier>{E38B799E-4FC3-C135-58CD-2559C483E82E}</UniqueIdentifier>
    </Filter>
  </ItemGroup>
  <ItemGroup>
    <ClInclude Include="..\..\..\Source\build_id.h">
      <Filter>Source</Filter>
    </ClInclude>
    <ClInclude Include="..\..\..\Source\compressor.h">
      <Filter>Source</Filter>
    </ClInclude>
    <ClInclude Include="..\..\..\Source\compressor_curve.h">
      <Filter>Source</Filter>
    </ClInclude>
    <ClInclude Include="..\..\..\Source\compressor_curve_log_lin.h">
      <Filter>Source</Filter>
    </ClInclude>
    <ClInclude Include="..\..\..\Source\compressor_curve_log_smooth_branching.h">
      <Filter>Source</Filter>
    </ClInclude>
    <ClInclude Include="..\..\..\Source\compressor_curve_log_smooth_decoupled.h">
      <Filter>Source</Filter>
    </ClInclude>
    <ClInclude Include="..\..\..\Source\frut\FrutHeader.h">
      <Filter>Source\frut</Filter>
    </ClInclude>
    <ClInclude Include="..\..\..\Source\frut\amalgamated\include_frut_audio.h">
      <Filter>Source\frut\amalgamated</Filter>
    </ClInclude>
    <ClInclude Include="..\..\..\Source\frut\amalgamated\include_frut_dsp.h">
      <Filter>Source\frut\amalgamated</Filter>
    </ClInclude>
    <ClInclude Include="..\..\..\Source\frut\amalgamated\include_frut_math.h">
      <Filter>Source\frut\amalgamated</Filter>
    </ClInclude>
    <ClInclude Include="..\..\..\Source\frut\amalgamated\include_frut_parameters.h">
      <Filter>Source\frut\amalgamated</Filter>
    </ClInclude>
    <ClInclude Include="..\..\..\Source\frut\amalgamated\include_frut_skin.h">
      <Filter>Source\frut\amalgamated</Filter>
    </ClInclude>
    <ClInclude Include="..\..\..\Source\frut\amalgamated\include_frut_widgets.h">
      <Filter>Source\frut\amalgamated</Filter>
    </ClInclude>
    <ClInclude Include="..\..\..\Source\gain_computer.h">
      <Filter>Source</Filter>
    </ClInclude>
    <ClInclude Include="..\..\..\Source\gain_stage.h">
      <Filter>Source</Filter>
    </ClInclude>
    <ClInclude Include="..\..\..\Source\gain_stage_fet.h">
      <Filter>Source</Filter>
    </ClInclude>
    <ClInclude Include="..\..\..\Source\gain_stage_optical.h">
      <Filter>Source</Filter>
    </ClInclude>
    <ClInclude Include="..\..\..\Source\meter_bar_gain_reduction.h">
      <Filter>Source</Filter>
    </ClInclude>
    <ClInclude Include="..\..\..\Source\meter_bar_level.h">
      <Filter>Source</Filter>
    </ClInclude>
    <ClInclude Include="..\..\..\Source\plugin_editor.h">
      <Filter>Source</Filter>
    </ClInclude>
    <ClInclude Include="..\..\..\Source\plugin_parameters.h">
      <Filter>Source</Filter>
    </ClInclude>
    <ClInclude Include="..\..\..\Source\plugin_processor.h">
      <Filter>Source</Filter>
    </ClInclude>
    <ClInclude Include="..\..\..\Source\side_chain.h">
      <Filter>Source</Filter>
    </ClInclude>
    <ClInclude Include="..\..\..\Source\skin.h">
      <Filter>Source</Filter>
    </ClInclude>
    <ClInclude Include="..\..\..\Source\squeezer_skin.h">
      <Filter>Source</Filter>
    </ClInclude>
  </ItemGroup>
  <ItemGroup>
    <ClCompile Include="..\..\..\JuceLibraryCode\include_juce_audio_basics.cpp">
      <Filter>JuceLibraryCode</Filter>
    </ClCompile>
    <ClCompile Include="..\..\..\JuceLibraryCode\include_juce_audio_devices.cpp">
      <Filter>JuceLibraryCode</Filter>
    </ClCompile>
    <ClCompile Include="..\..\..\JuceLibraryCode\include_juce_audio_formats.cpp">
      <Filter>JuceLibraryCode</Filter>
    </ClCompile>
    <ClCompile Include="..\..\..\JuceLibraryCode\include_juce_audio_plugin_client_VST3.cpp">
      <Filter>JuceLibraryCode</Filter>
    </ClCompile>
    <ClCompile Include="..\..\..\JuceLibraryCode\include_juce_audio_processors.cpp">
      <Filter>JuceLibraryCode</Filter>
    </ClCompile>
    <ClCompile Include="..\..\..\JuceLibraryCode\include_juce_audio_utils.cpp">
      <Filter>JuceLibraryCode</Filter>
    </ClCompile>
    <ClCompile Include="..\..\..\JuceLibraryCode\include_juce_core.cpp">
      <Filter>JuceLibraryCode</Filter>
    </ClCompile>
    <ClCompile Include="..\..\..\JuceLibraryCode\include_juce_cryptography.cpp">
      <Filter>JuceLibraryCode</Filter>
    </ClCompile>
    <ClCompile Include="..\..\..\JuceLibraryCode\include_juce_data_structures.cpp">
      <Filter>JuceLibraryCode</Filter>
    </ClCompile>
    <ClCompile Include="..\..\..\JuceLibraryCode\include_juce_dsp.cpp">
      <Filter>JuceLibraryCode</Filter>
    </ClCompile>
    <ClCompile Include="..\..\..\JuceLibraryCode\include_juce_events.cpp">
      <Filter>JuceLibraryCode</Filter>
    </ClCompile>
    <ClCompile Include="..\..\..\JuceLibraryCode\include_juce_graphics.cpp">
      <Filter>JuceLibraryCode</Filter>
    </ClCompile>
    <ClCompile Include="..\..\..\JuceLibraryCode\include_juce_gui_basics.cpp">
      <Filter>JuceLibraryCode</Filter>
    </ClCompile>
    <ClCompile Include="..\..\..\JuceLibraryCode\include_juce_gui_extra.cpp">
      <Filter>JuceLibraryCode</Filter>
    </ClCompile>
    <ClCompile Include="..\..\..\JuceLibraryCode\include_juce_video.cpp">
      <Filter>JuceLibraryCode</Filter>
    </ClCompile>
    <ClCompile Include="..\..\..\Source\compressor.cpp">
      <Filter>Source</Filter>
    </ClCompile>
    <ClCompile Include="..\..\..\Source\frut\amalgamated\include_frut_audio.cpp">
      <Filter>Source\frut\amalgamated</Filter>
    </ClCompile>
    <ClCompile Include="..\..\..\Source\frut\amalgamated\include_frut_dsp.cpp">
      <Filter>Source\frut\amalgamated</Filter>
    </ClCompile>
    <ClCompile Include="..\..\..\Source\frut\amalgamated\include_frut_math.cpp">
      <Filter>Source\frut\amalgamated</Filter>
    </ClCompile>
    <ClCompile Include="..\..\..\Source\frut\amalgamated\include_frut_parameters.cpp">
      <Filter>Source\frut\amalgamated</Filter>
    </ClCompile>
    <ClCompile Include="..\..\..\Source\frut\amalgamated\include_frut_skin.cpp">
      <Filter>Source\frut\amalgamated</Filter>
    </ClCompile>
    <ClCompile Include="..\..\..\Source\frut\amalgamated\include_frut_widgets.cpp">
      <Filter>Source\frut\amalgamated</Filter>
    </ClCompile>
    <ClCompile Include="..\..\..\Source\meter_bar_gain_reduction.cpp">
      <Filter>Source</Filter>
    </ClCompile>
    <ClCompile Include="..\..\..\Source\meter_bar_level.cpp">
      <Filter>Source</Filter>
    </ClCompile>
    <ClCompile Include="..\..\..\Source\plugin_editor.cpp">
      <Filter>Source</Filter>
    </ClCompile>
    <ClCompile Include="..\..\..\Source\plugin_parameters.cpp">
      <Filter>Source</Filter>
    </ClCompile>
    <ClCompile Include="..\..\..\Source\plugin_processor.cpp">
      <Filter>Source</Filter>
    </ClCompile>
    <ClCompile Include="..\..\..\Source\skin.cpp">
      <Filter>Source</Filter>
    </ClCompile>
    <ClCompile Include="..\..\..\Source\squeezer_skin.cpp">
      <Filter>Source</Filter>
    </ClCompile>
  </ItemGroup>
</Project>